<?xml version="1.0" encoding="utf-8"?>
<Project ToolsVersion="4.0" xmlns="http://schemas.microsoft.com/developer/msbuild/2003">
  <ItemGroup>
    <Filter Include="Source Files">
      <UniqueIdentifier>{4FC737F1-C7A5-4376-A066-2A32D752A2FF}</UniqueIdentifier>
      <Extensions>cpp;c;cc;cxx;c++;cppm;ixx;def;odl;idl;hpj;bat;asm;asmx</Extensions>
    </Filter>
    <Filter Include="Header Files">
      <UniqueIdentifier>{93995380-89BD-4b04-88EB-625FBE52EBFB}</UniqueIdentifier>
      <Extensions>h;hh;hpp;hxx;h++;hm;inl;inc;ipp;xsd</Extensions>
    </Filter>
    <Filter Include="Resource Files">
      <UniqueIdentifier>{67DA6AB6-F800-4c08-8B7A-83BB121AAD01}</UniqueIdentifier>
      <Extensions>rc;ico;cur;bmp;dlg;rc2;rct;bin;rgs;gif;jpg;jpeg;jpe;resx;tiff;tif;png;wav;mfcribbon-ms</Extensions>
    </Filter>
    <Filter Include="Header Files\GameObject">
      <UniqueIdentifier>{0fe5ae3b-8e58-4323-9872-765471d819f5}</UniqueIdentifier>
    </Filter>
    <Filter Include="Source Files\GameObject">
      <UniqueIdentifier>{aeeaf979-188f-4c29-8c30-915e8d6473ed}</UniqueIdentifier>
    </Filter>
    <Filter Include="Header Files\GamePanel">
      <UniqueIdentifier>{bd851579-e0fd-489e-9690-966014d43642}</UniqueIdentifier>
    </Filter>
    <Filter Include="Source Files\GamePanel">
      <UniqueIdentifier>{eaa05026-6a20-4cb4-9125-f21e0c12c736}</UniqueIdentifier>
    </Filter>
    <Filter Include="Header Files\Level">
      <UniqueIdentifier>{36d44733-9fca-422c-ba33-02382dafc446}</UniqueIdentifier>
    </Filter>
    <Filter Include="Source Files\Level">
      <UniqueIdentifier>{da0a19f8-72df-4e36-8cc7-bbf53afad97e}</UniqueIdentifier>
    </Filter>
    <Filter Include="Header Files\Bitmap">
      <UniqueIdentifier>{5b956e52-79fe-48cc-932d-8a1e1aaeb4ce}</UniqueIdentifier>
    </Filter>
    <Filter Include="Source Files\Bitmap">
      <UniqueIdentifier>{6fdc3631-7cf6-4ce2-a6f1-8eafff996f0c}</UniqueIdentifier>
    </Filter>
  </ItemGroup>
  <ItemGroup>
    <ClInclude Include="Game.h">
      <Filter>Header Files</Filter>
    </ClInclude>
    <ClInclude Include="Structs.h">
      <Filter>Header Files</Filter>
    </ClInclude>
    <ClInclude Include="GameObject.h">
      <Filter>Header Files\GameObject</Filter>
    </ClInclude>
    <ClInclude Include="Enemy.h">
      <Filter>Header Files\GameObject</Filter>
    </ClInclude>
    <ClInclude Include="Player.h">
      <Filter>Header Files\GameObject</Filter>
    </ClInclude>
    <ClInclude Include="Bullet.h">
      <Filter>Header Files\GameObject</Filter>
    </ClInclude>
    <ClInclude Include="DisplayInformation.h">
      <Filter>Header Files\GamePanel</Filter>
    </ClInclude>
    <ClInclude Include="Level.h">
      <Filter>Header Files\Level</Filter>
    </ClInclude>
    <ClInclude Include="MapTile.h">
      <Filter>Header Files\Level</Filter>
    </ClInclude>
    <ClInclude Include="Bitmap.h">
      <Filter>Header Files\Bitmap</Filter>
    </ClInclude>
    <ClInclude Include="BitmapManager.h">
      <Filter>Header Files\Bitmap</Filter>
    </ClInclude>
  </ItemGroup>
  <ItemGroup>
    <ClCompile Include="Main.cpp">
      <Filter>Source Files</Filter>
    </ClCompile>
    <ClCompile Include="Game.cpp">
      <Filter>Source Files</Filter>
    </ClCompile>
    <ClCompile Include="GameObject.cpp">
      <Filter>Source Files\GameObject</Filter>
    </ClCompile>
    <ClCompile Include="Enemy.cpp">
      <Filter>Source Files\GameObject</Filter>
    </ClCompile>
    <ClCompile Include="Player.cpp">
      <Filter>Source Files\GameObject</Filter>
    </ClCompile>
    <ClCompile Include="Bullet.cpp">
      <Filter>Source Files\GameObject</Filter>
    </ClCompile>
    <ClCompile Include="DisplayInformation.cpp">
      <Filter>Source Files\GamePanel</Filter>
    </ClCompile>
    <ClCompile Include="Level.cpp">
      <Filter>Source Files\Level</Filter>
    </ClCompile>
    <ClCompile Include="MapTile.cpp">
      <Filter>Source Files\Level</Filter>
    </ClCompile>
    <ClCompile Include="Bitmap.cpp">
      <Filter>Source Files\Bitmap</Filter>
    </ClCompile>
    <ClCompile Include="BitmapManager.cpp">
      <Filter>Source Files\Bitmap</Filter>
    </ClCompile>
  </ItemGroup>
</Project>